
Microsoft Visual Studio Solution File, Format Version 12.00
# Visual Studio 15
VisualStudioVersion = 15.0.28010.2016
MinimumVisualStudioVersion = 10.0.40219.1
Project("{FAE04EC0-301F-11D3-BF4B-00C04F79EFBC}") = "OstProject1", "OstProject1\OstProject1.csproj", "{DF9E3E88-54E3-4E9F-A48D-055DB23853F4}"
EndProject
Global
	GlobalSection(SolutionConfigurationPlatforms) = preSolution
		Debug|Any CPU = Debug|Any CPU
		Release|Any CPU = Release|Any CPU
	EndGlobalSection
	GlobalSection(ProjectConfigurationPlatforms) = postSolution
		{DF9E3E88-54E3-4E9F-A48D-055DB23853F4}.Debug|Any CPU.ActiveCfg = Debug|Any CPU
		{DF9E3E88-54E3-4E9F-A48D-055DB23853F4}.Debug|Any CPU.Build.0 = Debug|Any CPU
		{DF9E3E88-54E3-4E9F-A48D-055DB23853F4}.Release|Any CPU.ActiveCfg = Release|Any CPU
		{DF9E3E88-54E3-4E9F-A48D-055DB23853F4}.Release|Any CPU.Build.0 = Release|Any CPU
	EndGlobalSection
	GlobalSection(SolutionProperties) = preSolution
		HideSolutionNode = FALSE
	EndGlobalSection
	GlobalSection(ExtensibilityGlobals) = postSolution
		SolutionGuid = {13C738DC-0F63-4E71-A92A-7C72338C5B40}
	EndGlobalSection
EndGlobal
